{
  "nodes": {
    "emacs-overlay": {
      "inputs": {
        "nixpkgs": [
          "nixpkgs"
        ],
        "nixpkgs-stable": "nixpkgs-stable"
      },
      "locked": {
        "lastModified": 1738775993,
        "narHash": "sha256-LNnDrJpy2oMn6IYXCCi5FWqEcT4gD1rnt0xM36Fov3Q=",
        "owner": "nix-community",
        "repo": "emacs-overlay",
        "rev": "ed5cb1becdad3465ca08dd8ef0b156ae4390505f",
        "type": "github"
      },
      "original": {
        "owner": "nix-community",
        "repo": "emacs-overlay",
        "type": "github"
      }
    },
    "home-manager": {
      "inputs": {
        "nixpkgs": [
          "nixpkgs"
        ]
      },
      "locked": {
        "lastModified": 1738789832,
        "narHash": "sha256-HdlMPfObPu5y7oDfH/w3vvlU3UTQ/bQjSULChZARm5M=",
        "owner": "nix-community",
        "repo": "home-manager",
        "rev": "30ea6fed4e4b41693cebc2263373dd810de4de49",
        "type": "github"
      },
      "original": {
        "owner": "nix-community",
        "repo": "home-manager",
        "type": "github"
      }
    },
    "nixpkgs": {
      "locked": {
        "lastModified": 1738680400,
        "narHash": "sha256-ooLh+XW8jfa+91F1nhf9OF7qhuA/y1ChLx6lXDNeY5U=",
        "owner": "NixOS",
        "repo": "nixpkgs",
        "rev": "799ba5bffed04ced7067a91798353d360788b30d",
        "type": "github"
      },
      "original": {
        "id": "nixpkgs",
        "ref": "nixos-unstable",
        "type": "indirect"
      }
    },
    "nixpkgs-stable": {
      "locked": {
        "lastModified": 1738702386,
        "narHash": "sha256-nJj8f78AYAxl/zqLiFGXn5Im1qjFKU8yBPKoWEeZN5M=",
        "owner": "NixOS",
        "repo": "nixpkgs",
        "rev": "030ba1976b7c0e1a67d9716b17308ccdab5b381e",
        "type": "github"
      },
      "original": {
        "owner": "NixOS",
        "ref": "nixos-24.11",
        "repo": "nixpkgs",
        "type": "github"
      }
    },
    "root": {
      "inputs": {
        "emacs-overlay": "emacs-overlay",
        "home-manager": "home-manager",
        "nixpkgs": "nixpkgs"
      }
    }
  },
  "root": "root",
  "version": 7
}
